{
    "_readme": [
        "This file locks the dependencies of your project to a known state",
        "Read more about it at https://getcomposer.org/doc/01-basic-usage.md#installing-dependencies",
        "This file is @generated automatically"
    ],
    "content-hash": "8a29ce5fd94ca1192f035a5e6715a84f",
    "packages": [
        {
            "name": "digitalstars/simplevk",
            "version": "v2.12.5",
            "source": {
                "type": "git",
                "url": "https://github.com/digitalstars/simplevk.git",
                "reference": "dee3f52a507ccd86f900dc83d98fd4c4aedbb6a0"
            },
            "dist": {
                "type": "zip",
                "url": "https://api.github.com/repos/digitalstars/simplevk/zipball/dee3f52a507ccd86f900dc83d98fd4c4aedbb6a0",
                "reference": "dee3f52a507ccd86f900dc83d98fd4c4aedbb6a0",
                "shasum": ""
            },
            "require": {
                "ext-curl": "*",
                "ext-json": "*",
                "php": ">=5.6"
            },
            "type": "library",
            "autoload": {
                "psr-4": {
                    "DigitalStar\\vk_api\\": "src/"
                }
            },
            "notification-url": "https://packagist.org/downloads/",
            "license": [
                "MIT"
            ],
            "authors": [
                {
                    "name": "ZeRoX",
                    "email": "as234zx15@yandex.ru"
                },
                {
                    "name": "Runnin",
                    "email": "mr.kirilll12@mail.ru"
                }
            ],
            "description": "Library for easy work with VK com api",
            "time": "2020-01-19T20:18:04+00:00"
        }
    ],
    "packages-dev": [],
    "aliases": [],
    "minimum-stability": "stable",
    "stability-flags": [],
    "prefer-stable": false,
    "prefer-lowest": false,
    "platform": [],
    "platform-dev": []
}
